<?xml version="1.0" encoding="utf-8"?>
<Project ToolsVersion="4.0" xmlns="http://schemas.microsoft.com/developer/msbuild/2003">
  <ItemGroup>
    <Filter Include="Arquivos de Origem">
      <UniqueIdentifier>{4FC737F1-C7A5-4376-A066-2A32D752A2FF}</UniqueIdentifier>
      <Extensions>cpp;c;cc;cxx;c++;cppm;ixx;def;odl;idl;hpj;bat;asm;asmx</Extensions>
    </Filter>
    <Filter Include="Arquivos de Cabeçalho">
      <UniqueIdentifier>{93995380-89BD-4b04-88EB-625FBE52EBFB}</UniqueIdentifier>
      <Extensions>h;hh;hpp;hxx;h++;hm;inl;inc;ipp;xsd</Extensions>
    </Filter>
    <Filter Include="Arquivos de Recurso">
      <UniqueIdentifier>{67DA6AB6-F800-4c08-8B7A-83BB121AAD01}</UniqueIdentifier>
      <Extensions>rc;ico;cur;bmp;dlg;rc2;rct;bin;rgs;gif;jpg;jpeg;jpe;resx;tiff;tif;png;wav;mfcribbon-ms</Extensions>
    </Filter>
    <Filter Include="Arquivos de Recurso\data">
      <UniqueIdentifier>{aef30731-3355-45f3-bbb9-67d752698657}</UniqueIdentifier>
    </Filter>
    <Filter Include="Arquivos de Recurso\data\font">
      <UniqueIdentifier>{0bdb80e9-5fe9-4c29-b58e-612952044af8}</UniqueIdentifier>
    </Filter>
    <Filter Include="Arquivos de Recurso\data\texture">
      <UniqueIdentifier>{1b2dc23f-46a3-4674-8900-9adcaa5d1bb7}</UniqueIdentifier>
    </Filter>
    <Filter Include="Arquivos de Origem\Utils">
      <UniqueIdentifier>{4fb1e949-b0dd-4513-8db2-bf09b7917f63}</UniqueIdentifier>
    </Filter>
  </ItemGroup>
  <ItemGroup>
    <ClCompile Include="Main.cpp">
      <Filter>Arquivos de Origem</Filter>
    </ClCompile>
    <ClCompile Include="Game.cpp">
      <Filter>Arquivos de Origem\Utils</Filter>
    </ClCompile>
    <ClCompile Include="Map.cpp">
      <Filter>Arquivos de Origem\Utils</Filter>
    </ClCompile>
    <ClCompile Include="Player.cpp">
      <Filter>Arquivos de Origem\Utils</Filter>
    </ClCompile>
    <ClCompile Include="Renderer.cpp">
      <Filter>Arquivos de Origem\Utils</Filter>
    </ClCompile>
    <ClCompile Include="Weapon.cpp">
      <Filter>Arquivos de Origem\Utils</Filter>
    </ClCompile>
  </ItemGroup>
  <ItemGroup>
    <Image Include="..\..\adventure3d\data\texture\walls.png">
      <Filter>Arquivos de Recurso\data\texture</Filter>
    </Image>
  </ItemGroup>
  <ItemGroup>
    <Font Include="..\..\adventure3d\data\font\opensans.ttf">
      <Filter>Arquivos de Recurso\data\font</Filter>
    </Font>
  </ItemGroup>
  <ItemGroup>
    <ClInclude Include="Map.h">
      <Filter>Arquivos de Cabeçalho</Filter>
    </ClInclude>
    <ClInclude Include="Player.h">
      <Filter>Arquivos de Cabeçalho</Filter>
    </ClInclude>
    <ClInclude Include="Renderer.h">
      <Filter>Arquivos de Cabeçalho</Filter>
    </ClInclude>
    <ClInclude Include="Game.h">
      <Filter>Arquivos de Cabeçalho</Filter>
    </ClInclude>
    <ClInclude Include="Weapon.h">
      <Filter>Arquivos de Cabeçalho</Filter>
    </ClInclude>
  </ItemGroup>
</Project>